
Microsoft Visual Studio Solution File, Format Version 12.00
# Visual Studio 2013
VisualStudioVersion = 12.0.31101.0
MinimumVisualStudioVersion = 10.0.40219.1
Project("{FAE04EC0-301F-11D3-BF4B-00C04F79EFBC}") = "网络线路切换客户端", "网络线路切换客户端\网络线路切换客户端.csproj", "{769CBAE9-B25F-417D-8CCD-BEB2B5EECEED}"
EndProject
Global
	GlobalSection(SolutionConfigurationPlatforms) = preSolution
		Debug|Any CPU = Debug|Any CPU
		Release|Any CPU = Release|Any CPU
	EndGlobalSection
	GlobalSection(ProjectConfigurationPlatforms) = postSolution
		{769CBAE9-B25F-417D-8CCD-BEB2B5EECEED}.Debug|Any CPU.ActiveCfg = Debug|Any CPU
		{769CBAE9-B25F-417D-8CCD-BEB2B5EECEED}.Debug|Any CPU.Build.0 = Debug|Any CPU
		{769CBAE9-B25F-417D-8CCD-BEB2B5EECEED}.Release|Any CPU.ActiveCfg = Release|Any CPU
		{769CBAE9-B25F-417D-8CCD-BEB2B5EECEED}.Release|Any CPU.Build.0 = Release|Any CPU
	EndGlobalSection
	GlobalSection(SolutionProperties) = preSolution
		HideSolutionNode = FALSE
	EndGlobalSection
	GlobalSection(Performance) = preSolution
		HasPerformanceSessions = true
	EndGlobalSection
EndGlobal
